
Microsoft Visual Studio Solution File, Format Version 12.00
# Visual Studio Version 16
VisualStudioVersion = 16.0.32228.343
MinimumVisualStudioVersion = 10.0.40219.1
Project("{FAE04EC0-301F-11D3-BF4B-00C04F79EFBC}") = "CapstoneProject_3", "CapstoneProject_3.csproj", "{163ABB16-8F5B-49B2-B6F7-92D3A52E630E}"
EndProject
Global
	GlobalSection(SolutionConfigurationPlatforms) = preSolution
		Debug|Any CPU = Debug|Any CPU
		Release|Any CPU = Release|Any CPU
	EndGlobalSection
	GlobalSection(ProjectConfigurationPlatforms) = postSolution
		{163ABB16-8F5B-49B2-B6F7-92D3A52E630E}.Debug|Any CPU.ActiveCfg = Debug|Any CPU
		{163ABB16-8F5B-49B2-B6F7-92D3A52E630E}.Debug|Any CPU.Build.0 = Debug|Any CPU
		{163ABB16-8F5B-49B2-B6F7-92D3A52E630E}.Release|Any CPU.ActiveCfg = Release|Any CPU
		{163ABB16-8F5B-49B2-B6F7-92D3A52E630E}.Release|Any CPU.Build.0 = Release|Any CPU
	EndGlobalSection
	GlobalSection(SolutionProperties) = preSolution
		HideSolutionNode = FALSE
	EndGlobalSection
	GlobalSection(ExtensibilityGlobals) = postSolution
		SolutionGuid = {082149FF-B6D7-4289-AD8C-AC763FD0BBB7}
	EndGlobalSection
EndGlobal
